// !$*UTF8*$!
{
	archiveVersion = 1;
	classes = {
	};
	objectVersion = 77;
	objects = {

/* Begin PBXBuildFile section */
		5381F7542EF9466E0062078C /* FirebaseAI in Frameworks */ = {isa = PBXBuildFile; productRef = 5381F7532EF9466E0062078C /* FirebaseAI */; };
		5381F7562EF9466E0062078C /* FirebaseAILogic in Frameworks */ = {isa = PBXBuildFile; productRef = 5381F7552EF9466E0062078C /* FirebaseAILogic */; };
		5381F7582EF9466E0062078C /* FirebaseAnalytics in Frameworks */ = {isa = PBXBuildFile; productRef = 5381F7572EF9466E0062078C /* FirebaseAnalytics */; };
		5381F75A2EF9466E0062078C /* FirebaseAnalyticsCore in Frameworks */ = {isa = PBXBuildFile; productRef = 5381F7592EF9466E0062078C /* FirebaseAnalyticsCore */; };
		5381F75C2EF9466E0062078C /* FirebaseAnalyticsIdentitySupport in Frameworks */ = {isa = PBXBuildFile; productRef = 5381F75B2EF9466E0062078C /* FirebaseAnalyticsIdentitySupport */; };
		5381F75F2EF946DC0062078C /* FirebaseAuth in Frameworks */ = {isa = PBXBuildFile; productRef = 5381F75E2EF946DC0062078C /* FirebaseAuth */; };
		5381F7612EF946E50062078C /* FirebaseCore in Frameworks */ = {isa = PBXBuildFile; productRef = 5381F7602EF946E50062078C /* FirebaseCore */; };
		5381F7632EF946EA0062078C /* FirebaseFirestore in Frameworks */ = {isa = PBXBuildFile; productRef = 5381F7622EF946EA0062078C /* FirebaseFirestore */; };
		5381F7652EF946F60062078C /* FirebaseMessaging in Frameworks */ = {isa = PBXBuildFile; productRef = 5381F7642EF946F60062078C /* FirebaseMessaging */; };
/* End PBXBuildFile section */

/* Begin PBXContainerItemProxy section */
		5381F7212EF93FD10062078C /* PBXContainerItemProxy */ = {
			isa = PBXContainerItemProxy;
			containerPortal = 5381F7062EF93FCE0062078C /* Project object */;
			proxyType = 1;
			remoteGlobalIDString = 5381F70D2EF93FCE0062078C;
			remoteInfo = Aura;
		};
		5381F72B2EF93FD10062078C /* PBXContainerItemProxy */ = {
			isa = PBXContainerItemProxy;
			containerPortal = 5381F7062EF93FCE0062078C /* Project object */;
			proxyType = 1;
			remoteGlobalIDString = 5381F70D2EF93FCE0062078C;
			remoteInfo = Aura;
		};
/* End PBXContainerItemProxy section */

/* Begin PBXFileReference section */
		5381F70E2EF93FCE0062078C /* Aura.app */ = {isa = PBXFileReference; explicitFileType = wrapper.application; includeInIndex = 0; path = Aura.app; sourceTree = BUILT_PRODUCTS_DIR; };
		5381F7202EF93FD10062078C /* AuraTests.xctest */ = {isa = PBXFileReference; explicitFileType = wrapper.cfbundle; includeInIndex = 0; path = AuraTests.xctest; sourceTree = BUILT_PRODUCTS_DIR; };
		5381F72A2EF93FD10062078C /* AuraUITests.xctest */ = {isa = PBXFileReference; explicitFileType = wrapper.cfbundle; includeInIndex = 0; path = AuraUITests.xctest; sourceTree = BUILT_PRODUCTS_DIR; };
/* End PBXFileReference section */

/* Begin PBXFileSystemSynchronizedRootGroup section */
		5381F7102EF93FCE0062078C /* Aura */ = {
			isa = PBXFileSystemSynchronizedRootGroup;
			path = Aura;
			sourceTree = "<group>";
		};
		5381F7232EF93FD10062078C /* AuraTests */ = {
			isa = PBXFileSystemSynchronizedRootGroup;
			path = AuraTests;
			sourceTree = "<group>";
		};
		5381F72D2EF93FD10062078C /* AuraUITests */ = {
			isa = PBXFileSystemSynchronizedRootGroup;
			path = AuraUITests;
			sourceTree = "<group>";
		};
/* End PBXFileSystemSynchronizedRootGroup section */

/* Begin PBXFrameworksBuildPhase section */
		5381F70B2EF93FCE0062078C /* Frameworks */ = {
			isa = PBXFrameworksBuildPhase;
			buildActionMask = 2147483647;
			files = (
				5381F7652EF946F60062078C /* FirebaseMessaging in Frameworks */,
				5381F7562EF9466E0062078C /* FirebaseAILogic in Frameworks */,
				5381F75F2EF946DC0062078C /* FirebaseAuth in Frameworks */,
				5381F75C2EF9466E0062078C /* FirebaseAnalyticsIdentitySupport in Frameworks */,
				5381F7542EF9466E0062078C /* FirebaseAI in Frameworks */,
				5381F7612EF946E50062078C /* FirebaseCore in Frameworks */,
				5381F7632EF946EA0062078C /* FirebaseFirestore in Frameworks */,
				5381F7582EF9466E0062078C /* FirebaseAnalytics in Frameworks */,
				5381F75A2EF9466E0062078C /* FirebaseAnalyticsCore in Frameworks */,
			);
			runOnlyForDeploymentPostprocessing = 0;
		};
		5381F71D2EF93FD10062078C /* Frameworks */ = {
			isa = PBXFrameworksBuildPhase;
			buildActionMask = 2147483647;
			files = (
			);
			runOnlyForDeploymentPostprocessing = 0;
		};
		5381F7272EF93FD10062078C /* Frameworks */ = {
			isa = PBXFrameworksBuildPhase;
			buildActionMask = 2147483647;
			files = (
			);
			runOnlyForDeploymentPostprocessing = 0;
		};
/* End PBXFrameworksBuildPhase section */

/* Begin PBXGroup section */
		5381F7052EF93FCE0062078C = {
			isa = PBXGroup;
			children = (
				5381F7102EF93FCE0062078C /* Aura */,
				5381F7232EF93FD10062078C /* AuraTests */,
				5381F72D2EF93FD10062078C /* AuraUITests */,
				5381F70F2EF93FCE0062078C /* Products */,
				5381F75D2EF946DC0062078C /* Frameworks */,
			);
			sourceTree = "<group>";
		};
		5381F70F2EF93FCE0062078C /* Products */ = {
			isa = PBXGroup;
			children = (
				5381F70E2EF93FCE0062078C /* Aura.app */,
				5381F7202EF93FD10062078C /* AuraTests.xctest */,
				5381F72A2EF93FD10062078C /* AuraUITests.xctest */,
			);
			name = Products;
			sourceTree = "<group>";
		};
		5381F75D2EF946DC0062078C /* Frameworks */ = {
			isa = PBXGroup;
			children = (
			);
			name = Frameworks;
			sourceTree = "<group>";
		};
/* End PBXGroup section */

/* Begin PBXNativeTarget section */
		5381F70D2EF93FCE0062078C /* Aura */ = {
			isa = PBXNativeTarget;
			buildConfigurationList = 5381F7342EF93FD10062078C /* Build configuration list for PBXNativeTarget "Aura" */;
			buildPhases = (
				5381F70A2EF93FCE0062078C /* Sources */,
				5381F70B2EF93FCE0062078C /* Frameworks */,
				5381F70C2EF93FCE0062078C /* Resources */,
			);
			buildRules = (
			);
			dependencies = (
			);
			fileSystemSynchronizedGroups = (
				5381F7102EF93FCE0062078C /* Aura */,
			);
			name = Aura;
			packageProductDependencies = (
				5381F7532EF9466E0062078C /* FirebaseAI */,
				5381F7552EF9466E0062078C /* FirebaseAILogic */,
				5381F7572EF9466E0062078C /* FirebaseAnalytics */,
				5381F7592EF9466E0062078C /* FirebaseAnalyticsCore */,
				5381F75B2EF9466E0062078C /* FirebaseAnalyticsIdentitySupport */,
				5381F75E2EF946DC0062078C /* FirebaseAuth */,
				5381F7602EF946E50062078C /* FirebaseCore */,
				5381F7622EF946EA0062078C /* FirebaseFirestore */,
				5381F7642EF946F60062078C /* FirebaseMessaging */,
			);
			productName = Aura;
			productReference = 5381F70E2EF93FCE0062078C /* Aura.app */;
			productType = "com.apple.product-type.application";
		};
		5381F71F2EF93FD10062078C /* AuraTests */ = {
			isa = PBXNativeTarget;
			buildConfigurationList = 5381F7372EF93FD10062078C /* Build configuration list for PBXNativeTarget "AuraTests" */;
			buildPhases = (
				5381F71C2EF93FD10062078C /* Sources */,
				5381F71D2EF93FD10062078C /* Frameworks */,
				5381F71E2EF93FD10062078C /* Resources */,
			);
			buildRules = (
			);
			dependencies = (
				5381F7222EF93FD10062078C /* PBXTargetDependency */,
			);
			fileSystemSynchronizedGroups = (
				5381F7232EF93FD10062078C /* AuraTests */,
			);
			name = AuraTests;
			packageProductDependencies = (
			);
			productName = AuraTests;
			productReference = 5381F7202EF93FD10062078C /* AuraTests.xctest */;
			productType = "com.apple.product-type.bundle.unit-test";
		};
		5381F7292EF93FD10062078C /* AuraUITests */ = {
			isa = PBXNativeTarget;
			buildConfigurationList = 5381F73A2EF93FD10062078C /* Build configuration list for PBXNativeTarget "AuraUITests" */;
			buildPhases = (
				5381F7262EF93FD10062078C /* Sources */,
				5381F7272EF93FD10062078C /* Frameworks */,
				5381F7282EF93FD10062078C /* Resources */,
			);
			buildRules = (
			);
			dependencies = (
				5381F72C2EF93FD10062078C /* PBXTargetDependency */,
			);
			fileSystemSynchronizedGroups = (
				5381F72D2EF93FD10062078C /* AuraUITests */,
			);
			name = AuraUITests;
			packageProductDependencies = (
			);
			productName = AuraUITests;
			productReference = 5381F72A2EF93FD10062078C /* AuraUITests.xctest */;
			productType = "com.apple.product-type.bundle.ui-testing";
		};
/* End PBXNativeTarget section */

/* Begin PBXProject section */
		5381F7062EF93FCE0062078C /* Project object */ = {
			isa = PBXProject;
			attributes = {
				BuildIndependentTargetsInParallel = 1;
				LastSwiftUpdateCheck = 2600;
				LastUpgradeCheck = 2600;
				TargetAttributes = {
					5381F70D2EF93FCE0062078C = {
						CreatedOnToolsVersion = 26.0.1;
					};
					5381F71F2EF93FD10062078C = {
						CreatedOnToolsVersion = 26.0.1;
						TestTargetID = 5381F70D2EF93FCE0062078C;
					};
					5381F7292EF93FD10062078C = {
						CreatedOnToolsVersion = 26.0.1;
						TestTargetID = 5381F70D2EF93FCE0062078C;
					};
				};
			};
			buildConfigurationList = 5381F7092EF93FCE0062078C /* Build configuration list for PBXProject "Aura" */;
			developmentRegion = en;
			hasScannedForEncodings = 0;
			knownRegions = (
				en,
				Base,
				az,
			);
			mainGroup = 5381F7052EF93FCE0062078C;
			minimizedProjectReferenceProxies = 1;
			packageReferences = (
				5381F7522EF9466E0062078C /* XCRemoteSwiftPackageReference "firebase-ios-sdk" */,
			);
			preferredProjectObjectVersion = 77;
			productRefGroup = 5381F70F2EF93FCE0062078C /* Products */;
			projectDirPath = "";
			projectRoot = "";
			targets = (
				5381F70D2EF93FCE0062078C /* Aura */,
				5381F71F2EF93FD10062078C /* AuraTests */,
				5381F7292EF93FD10062078C /* AuraUITests */,
			);
		};
/* End PBXProject section */

/* Begin PBXResourcesBuildPhase section */
		5381F70C2EF93FCE0062078C /* Resources */ = {
			isa = PBXResourcesBuildPhase;
			buildActionMask = 2147483647;
			files = (
			);
			runOnlyForDeploymentPostprocessing = 0;
		};
		5381F71E2EF93FD10062078C /* Resources */ = {
			isa = PBXResourcesBuildPhase;
			buildActionMask = 2147483647;
			files = (
			);
			runOnlyForDeploymentPostprocessing = 0;
		};
		5381F7282EF93FD10062078C /* Resources */ = {
			isa = PBXResourcesBuildPhase;
			buildActionMask = 2147483647;
			files = (
			);
			runOnlyForDeploymentPostprocessing = 0;
		};
/* End PBXResourcesBuildPhase section */

/* Begin PBXSourcesBuildPhase section */
		5381F70A2EF93FCE0062078C /* Sources */ = {
			isa = PBXSourcesBuildPhase;
			buildActionMask = 2147483647;
			files = (
			);
			runOnlyForDeploymentPostprocessing = 0;
		};
		5381F71C2EF93FD10062078C /* Sources */ = {
			isa = PBXSourcesBuildPhase;
			buildActionMask = 2147483647;
			files = (
			);
			runOnlyForDeploymentPostprocessing = 0;
		};
		5381F7262EF93FD10062078C /* Sources */ = {
			isa = PBXSourcesBuildPhase;
			buildActionMask = 2147483647;
			files = (
			);
			runOnlyForDeploymentPostprocessing = 0;
		};
/* End PBXSourcesBuildPhase section */

/* Begin PBXTargetDependency section */
		5381F7222EF93FD10062078C /* PBXTargetDependency */ = {
			isa = PBXTargetDependency;
			target = 5381F70D2EF93FCE0062078C /* Aura */;
			targetProxy = 5381F7212EF93FD10062078C /* PBXContainerItemProxy */;
		};
		5381F72C2EF93FD10062078C /* PBXTargetDependency */ = {
			isa = PBXTargetDependency;
			target = 5381F70D2EF93FCE0062078C /* Aura */;
			targetProxy = 5381F72B2EF93FD10062078C /* PBXContainerItemProxy */;
		};
/* End PBXTargetDependency section */

/* Begin XCBuildConfiguration section */
		5381F7322EF93FD10062078C /* Debug */ = {
			isa = XCBuildConfiguration;
			buildSettings = {
				ALWAYS_SEARCH_USER_PATHS = NO;
				ASSETCATALOG_COMPILER_GENERATE_SWIFT_ASSET_SYMBOL_EXTENSIONS = YES;
				CLANG_ANALYZER_NONNULL = YES;
				CLANG_ANALYZER_NUMBER_OBJECT_CONVERSION = YES_AGGRESSIVE;
				CLANG_CXX_LANGUAGE_STANDARD = "gnu++20";
				CLANG_ENABLE_MODULES = YES;
				CLANG_ENABLE_OBJC_ARC = YES;
				CLANG_ENABLE_OBJC_WEAK = YES;
				CLANG_WARN_BLOCK_CAPTURE_AUTORELEASING = YES;
				CLANG_WARN_BOOL_CONVERSION = YES;
				CLANG_WARN_COMMA = YES;
				CLANG_WARN_CONSTANT_CONVERSION = YES;
				CLANG_WARN_DEPRECATED_OBJC_IMPLEMENTATIONS = YES;
				CLANG_WARN_DIRECT_OBJC_ISA_USAGE = YES_ERROR;
				CLANG_WARN_DOCUMENTATION_COMMENTS = YES;
				CLANG_WARN_EMPTY_BODY = YES;
				CLANG_WARN_ENUM_CONVERSION = YES;
				CLANG_WARN_INFINITE_RECURSION = YES;
				CLANG_WARN_INT_CONVERSION = YES;
				CLANG_WARN_NON_LITERAL_NULL_CONVERSION = YES;
				CLANG_WARN_OBJC_IMPLICIT_RETAIN_SELF = YES;
				CLANG_WARN_OBJC_LITERAL_CONVERSION = YES;
				CLANG_WARN_OBJC_ROOT_CLASS = YES_ERROR;
				CLANG_WARN_QUOTED_INCLUDE_IN_FRAMEWORK_HEADER = YES;
				CLANG_WARN_RANGE_LOOP_ANALYSIS = YES;
				CLANG_WARN_STRICT_PROTOTYPES = YES;
				CLANG_WARN_SUSPICIOUS_MOVE = YES;
				CLANG_WARN_UNGUARDED_AVAILABILITY = YES_AGGRESSIVE;
				CLANG_WARN_UNREACHABLE_CODE = YES;
				CLANG_WARN__DUPLICATE_METHOD_MATCH = YES;
				COPY_PHASE_STRIP = NO;
				DEBUG_INFORMATION_FORMAT = dwarf;
				DEVELOPMENT_TEAM = AVB79C65ZP;
				ENABLE_STRICT_OBJC_MSGSEND = YES;
				ENABLE_TESTABILITY = YES;
				ENABLE_USER_SCRIPT_SANDBOXING = YES;
				GCC_C_LANGUAGE_STANDARD = gnu17;
				GCC_DYNAMIC_NO_PIC = NO;
				GCC_NO_COMMON_BLOCKS = YES;
				GCC_OPTIMIZATION_LEVEL = 0;
				GCC_PREPROCESSOR_DEFINITIONS = (
					"DEBUG=1",
					"$(inherited)",
				);
				GCC_WARN_64_TO_32_BIT_CONVERSION = YES;
				GCC_WARN_ABOUT_RETURN_TYPE = YES_ERROR;
				GCC_WARN_UNDECLARED_SELECTOR = YES;
				GCC_WARN_UNINITIALIZED_AUTOS = YES_AGGRESSIVE;
				GCC_WARN_UNUSED_FUNCTION = YES;
				GCC_WARN_UNUSED_VARIABLE = YES;
				IPHONEOS_DEPLOYMENT_TARGET = 26.0;
				LOCALIZATION_PREFERS_STRING_CATALOGS = YES;
				MTL_ENABLE_DEBUG_INFO = INCLUDE_SOURCE;
				MTL_FAST_MATH = YES;
				ONLY_ACTIVE_ARCH = YES;
				SDKROOT = iphoneos;
				SWIFT_ACTIVE_COMPILATION_CONDITIONS = "DEBUG $(inherited)";
				SWIFT_EMIT_LOC_STRINGS = YES;
				SWIFT_OPTIMIZATION_LEVEL = "-Onone";
			};
			name = Debug;
		};
		5381F7332EF93FD10062078C /* Release */ = {
			isa = XCBuildConfiguration;
			buildSettings = {
				ALWAYS_SEARCH_USER_PATHS = NO;
				ASSETCATALOG_COMPILER_GENERATE_SWIFT_ASSET_SYMBOL_EXTENSIONS = YES;
				CLANG_ANALYZER_NONNULL = YES;
				CLANG_ANALYZER_NUMBER_OBJECT_CONVERSION = YES_AGGRESSIVE;
				CLANG_CXX_LANGUAGE_STANDARD = "gnu++20";
				CLANG_ENABLE_MODULES = YES;
				CLANG_ENABLE_OBJC_ARC = YES;
				CLANG_ENABLE_OBJC_WEAK = YES;
				CLANG_WARN_BLOCK_CAPTURE_AUTORELEASING = YES;
				CLANG_WARN_BOOL_CONVERSION = YES;
				CLANG_WARN_COMMA = YES;
				CLANG_WARN_CONSTANT_CONVERSION = YES;
				CLANG_WARN_DEPRECATED_OBJC_IMPLEMENTATIONS = YES;
				CLANG_WARN_DIRECT_OBJC_ISA_USAGE = YES_ERROR;
				CLANG_WARN_DOCUMENTATION_COMMENTS = YES;
				CLANG_WARN_EMPTY_BODY = YES;
				CLANG_WARN_ENUM_CONVERSION = YES;
				CLANG_WARN_INFINITE_RECURSION = YES;
				CLANG_WARN_INT_CONVERSION = YES;
				CLANG_WARN_NON_LITERAL_NULL_CONVERSION = YES;
				CLANG_WARN_OBJC_IMPLICIT_RETAIN_SELF = YES;
				CLANG_WARN_OBJC_LITERAL_CONVERSION = YES;
				CLANG_WARN_OBJC_ROOT_CLASS = YES_ERROR;
				CLANG_WARN_QUOTED_INCLUDE_IN_FRAMEWORK_HEADER = YES;
				CLANG_WARN_RANGE_LOOP_ANALYSIS = YES;
				CLANG_WARN_STRICT_PROTOTYPES = YES;
				CLANG_WARN_SUSPICIOUS_MOVE = YES;
				CLANG_WARN_UNGUARDED_AVAILABILITY = YES_AGGRESSIVE;
				CLANG_WARN_UNREACHABLE_CODE = YES;
				CLANG_WARN__DUPLICATE_METHOD_MATCH = YES;
				COPY_PHASE_STRIP = NO;
				DEBUG_INFORMATION_FORMAT = "dwarf-with-dsym";
				DEVELOPMENT_TEAM = AVB79C65ZP;
				ENABLE_NS_ASSERTIONS = NO;
				ENABLE_STRICT_OBJC_MSGSEND = YES;
				ENABLE_USER_SCRIPT_SANDBOXING = YES;
				GCC_C_LANGUAGE_STANDARD = gnu17;
				GCC_NO_COMMON_BLOCKS = YES;
				GCC_WARN_64_TO_32_BIT_CONVERSION = YES;
				GCC_WARN_ABOUT_RETURN_TYPE = YES_ERROR;
				GCC_WARN_UNDECLARED_SELECTOR = YES;
				GCC_WARN_UNINITIALIZED_AUTOS = YES_AGGRESSIVE;
				GCC_WARN_UNUSED_FUNCTION = YES;
				GCC_WARN_UNUSED_VARIABLE = YES;
				IPHONEOS_DEPLOYMENT_TARGET = 26.0;
				LOCALIZATION_PREFERS_STRING_CATALOGS = YES;
				MTL_ENABLE_DEBUG_INFO = NO;
				MTL_FAST_MATH = YES;
				SDKROOT = iphoneos;
				SWIFT_COMPILATION_MODE = wholemodule;
				SWIFT_EMIT_LOC_STRINGS = YES;
				VALIDATE_PRODUCT = YES;
			};
			name = Release;
		};
		5381F7352EF93FD10062078C /* Debug */ = {
			isa = XCBuildConfiguration;
			buildSettings = {
				ASSETCATALOG_COMPILER_APPICON_NAME = AppIcon;
				ASSETCATALOG_COMPILER_GLOBAL_ACCENT_COLOR_NAME = AccentColor;
				ASSETCATALOG_COMPILER_INCLUDE_ALL_APPICON_ASSETS = NO;
				CODE_SIGN_STYLE = Automatic;
				CURRENT_PROJECT_VERSION = 1;
				DEVELOPMENT_TEAM = AVB79C65ZP;
				ENABLE_PREVIEWS = YES;
				GENERATE_INFOPLIST_FILE = YES;
				INFOPLIST_KEY_UIApplicationSceneManifest_Generation = YES;
				INFOPLIST_KEY_UIApplicationSupportsIndirectInputEvents = YES;
				INFOPLIST_KEY_UILaunchScreen_Generation = YES;
				INFOPLIST_KEY_UILaunchStoryboardName = SplashScreen.storyboard;
				INFOPLIST_KEY_UISupportedInterfaceOrientations_iPad = "UIInterfaceOrientationPortrait UIInterfaceOrientationPortraitUpsideDown UIInterfaceOrientationLandscapeLeft UIInterfaceOrientationLandscapeRight";
				INFOPLIST_KEY_UISupportedInterfaceOrientations_iPhone = "UIInterfaceOrientationPortrait UIInterfaceOrientationLandscapeLeft UIInterfaceOrientationLandscapeRight";
				IPHONEOS_DEPLOYMENT_TARGET = 17;
				LD_RUNPATH_SEARCH_PATHS = (
					"$(inherited)",
					"@executable_path/Frameworks",
				);
				MARKETING_VERSION = 1.0;
				PRODUCT_BUNDLE_IDENTIFIER = com.rafaelagayev.Aura;
				PRODUCT_NAME = "$(TARGET_NAME)";
				STRING_CATALOG_GENERATE_SYMBOLS = YES;
				SWIFT_APPROACHABLE_CONCURRENCY = YES;
				SWIFT_DEFAULT_ACTOR_ISOLATION = MainActor;
				SWIFT_EMIT_LOC_STRINGS = YES;
				SWIFT_UPCOMING_FEATURE_MEMBER_IMPORT_VISIBILITY = YES;
				SWIFT_VERSION = 5.0;
				TARGETED_DEVICE_FAMILY = "1,2";
			};
			name = Debug;
		};
		5381F7362EF93FD10062078C /* Release */ = {
			isa = XCBuildConfiguration;
			buildSettings = {
				ASSETCATALOG_COMPILER_APPICON_NAME = AppIcon;
				ASSETCATALOG_COMPILER_GLOBAL_ACCENT_COLOR_NAME = AccentColor;
				ASSETCATALOG_COMPILER_INCLUDE_ALL_APPICON_ASSETS = NO;
				CODE_SIGN_STYLE = Automatic;
				CURRENT_PROJECT_VERSION = 1;
				DEVELOPMENT_TEAM = AVB79C65ZP;
				ENABLE_PREVIEWS = YES;
				GENERATE_INFOPLIST_FILE = YES;
				INFOPLIST_KEY_UIApplicationSceneManifest_Generation = YES;
				INFOPLIST_KEY_UIApplicationSupportsIndirectInputEvents = YES;
				INFOPLIST_KEY_UILaunchScreen_Generation = YES;
				INFOPLIST_KEY_UILaunchStoryboardName = SplashScreen.storyboard;
				INFOPLIST_KEY_UISupportedInterfaceOrientations_iPad = "UIInterfaceOrientationPortrait UIInterfaceOrientationPortraitUpsideDown UIInterfaceOrientationLandscapeLeft UIInterfaceOrientationLandscapeRight";
				INFOPLIST_KEY_UISupportedInterfaceOrientations_iPhone = "UIInterfaceOrientationPortrait UIInterfaceOrientationLandscapeLeft UIInterfaceOrientationLandscapeRight";
				IPHONEOS_DEPLOYMENT_TARGET = 17;
				LD_RUNPATH_SEARCH_PATHS = (
					"$(inherited)",
					"@executable_path/Frameworks",
				);
				MARKETING_VERSION = 1.0;
				PRODUCT_BUNDLE_IDENTIFIER = com.rafaelagayev.Aura;
				PRODUCT_NAME = "$(TARGET_NAME)";
				STRING_CATALOG_GENERATE_SYMBOLS = YES;
				SWIFT_APPROACHABLE_CONCURRENCY = YES;
				SWIFT_DEFAULT_ACTOR_ISOLATION = MainActor;
				SWIFT_EMIT_LOC_STRINGS = YES;
				SWIFT_UPCOMING_FEATURE_MEMBER_IMPORT_VISIBILITY = YES;
				SWIFT_VERSION = 5.0;
				TARGETED_DEVICE_FAMILY = "1,2";
			};
			name = Release;
		};
		5381F7382EF93FD10062078C /* Debug */ = {
			isa = XCBuildConfiguration;
			buildSettings = {
				BUNDLE_LOADER = "$(TEST_HOST)";
				CODE_SIGN_STYLE = Automatic;
				CURRENT_PROJECT_VERSION = 1;
				DEVELOPMENT_TEAM = AVB79C65ZP;
				GENERATE_INFOPLIST_FILE = YES;
				IPHONEOS_DEPLOYMENT_TARGET = 26.0;
				MARKETING_VERSION = 1.0;
				PRODUCT_BUNDLE_IDENTIFIER = com.rafaelagayev.AuraTests;
				PRODUCT_NAME = "$(TARGET_NAME)";
				STRING_CATALOG_GENERATE_SYMBOLS = NO;
				SWIFT_APPROACHABLE_CONCURRENCY = YES;
				SWIFT_EMIT_LOC_STRINGS = NO;
				SWIFT_UPCOMING_FEATURE_MEMBER_IMPORT_VISIBILITY = YES;
				SWIFT_VERSION = 5.0;
				TARGETED_DEVICE_FAMILY = "1,2";
				TEST_HOST = "$(BUILT_PRODUCTS_DIR)/Aura.app/$(BUNDLE_EXECUTABLE_FOLDER_PATH)/Aura";
			};
			name = Debug;
		};
		5381F7392EF93FD10062078C /* Release */ = {
			isa = XCBuildConfiguration;
			buildSettings = {
				BUNDLE_LOADER = "$(TEST_HOST)";
				CODE_SIGN_STYLE = Automatic;
				CURRENT_PROJECT_VERSION = 1;
				DEVELOPMENT_TEAM = AVB79C65ZP;
				GENERATE_INFOPLIST_FILE = YES;
				IPHONEOS_DEPLOYMENT_TARGET = 26.0;
				MARKETING_VERSION = 1.0;
				PRODUCT_BUNDLE_IDENTIFIER = com.rafaelagayev.AuraTests;
				PRODUCT_NAME = "$(TARGET_NAME)";
				STRING_CATALOG_GENERATE_SYMBOLS = NO;
				SWIFT_APPROACHABLE_CONCURRENCY = YES;
				SWIFT_EMIT_LOC_STRINGS = NO;
				SWIFT_UPCOMING_FEATURE_MEMBER_IMPORT_VISIBILITY = YES;
				SWIFT_VERSION = 5.0;
				TARGETED_DEVICE_FAMILY = "1,2";
				TEST_HOST = "$(BUILT_PRODUCTS_DIR)/Aura.app/$(BUNDLE_EXECUTABLE_FOLDER_PATH)/Aura";
			};
			name = Release;
		};
		5381F73B2EF93FD10062078C /* Debug */ = {
			isa = XCBuildConfiguration;
			buildSettings = {
				CODE_SIGN_STYLE = Automatic;
				CURRENT_PROJECT_VERSION = 1;
				DEVELOPMENT_TEAM = AVB79C65ZP;
				GENERATE_INFOPLIST_FILE = YES;
				MARKETING_VERSION = 1.0;
				PRODUCT_BUNDLE_IDENTIFIER = com.rafaelagayev.AuraUITests;
				PRODUCT_NAME = "$(TARGET_NAME)";
				STRING_CATALOG_GENERATE_SYMBOLS = NO;
				SWIFT_APPROACHABLE_CONCURRENCY = YES;
				SWIFT_EMIT_LOC_STRINGS = NO;
				SWIFT_UPCOMING_FEATURE_MEMBER_IMPORT_VISIBILITY = YES;
				SWIFT_VERSION = 5.0;
				TARGETED_DEVICE_FAMILY = "1,2";
				TEST_TARGET_NAME = Aura;
			};
			name = Debug;
		};
		5381F73C2EF93FD10062078C /* Release */ = {
			isa = XCBuildConfiguration;
			buildSettings = {
				CODE_SIGN_STYLE = Automatic;
				CURRENT_PROJECT_VERSION = 1;
				DEVELOPMENT_TEAM = AVB79C65ZP;
				GENERATE_INFOPLIST_FILE = YES;
				MARKETING_VERSION = 1.0;
				PRODUCT_BUNDLE_IDENTIFIER = com.rafaelagayev.AuraUITests;
				PRODUCT_NAME = "$(TARGET_NAME)";
				STRING_CATALOG_GENERATE_SYMBOLS = NO;
				SWIFT_APPROACHABLE_CONCURRENCY = YES;
				SWIFT_EMIT_LOC_STRINGS = NO;
				SWIFT_UPCOMING_FEATURE_MEMBER_IMPORT_VISIBILITY = YES;
				SWIFT_VERSION = 5.0;
				TARGETED_DEVICE_FAMILY = "1,2";
				TEST_TARGET_NAME = Aura;
			};
			name = Release;
		};
/* End XCBuildConfiguration section */

/* Begin XCConfigurationList section */
		5381F7092EF93FCE0062078C /* Build configuration list for PBXProject "Aura" */ = {
			isa = XCConfigurationList;
			buildConfigurations = (
				5381F7322EF93FD10062078C /* Debug */,
				5381F7332EF93FD10062078C /* Release */,
			);
			defaultConfigurationIsVisible = 0;
			defaultConfigurationName = Release;
		};
		5381F7342EF93FD10062078C /* Build configuration list for PBXNativeTarget "Aura" */ = {
			isa = XCConfigurationList;
			buildConfigurations = (
				5381F7352EF93FD10062078C /* Debug */,
				5381F7362EF93FD10062078C /* Release */,
			);
			defaultConfigurationIsVisible = 0;
			defaultConfigurationName = Release;
		};
		5381F7372EF93FD10062078C /* Build configuration list for PBXNativeTarget "AuraTests" */ = {
			isa = XCConfigurationList;
			buildConfigurations = (
				5381F7382EF93FD10062078C /* Debug */,
				5381F7392EF93FD10062078C /* Release */,
			);
			defaultConfigurationIsVisible = 0;
			defaultConfigurationName = Release;
		};
		5381F73A2EF93FD10062078C /* Build configuration list for PBXNativeTarget "AuraUITests" */ = {
			isa = XCConfigurationList;
			buildConfigurations = (
				5381F73B2EF93FD10062078C /* Debug */,
				5381F73C2EF93FD10062078C /* Release */,
			);
			defaultConfigurationIsVisible = 0;
			defaultConfigurationName = Release;
		};
/* End XCConfigurationList section */

/* Begin XCRemoteSwiftPackageReference section */
		5381F7522EF9466E0062078C /* XCRemoteSwiftPackageReference "firebase-ios-sdk" */ = {
			isa = XCRemoteSwiftPackageReference;
			repositoryURL = "https://github.com/firebase/firebase-ios-sdk";
			requirement = {
				kind = upToNextMajorVersion;
				minimumVersion = 12.7.0;
			};
		};
/* End XCRemoteSwiftPackageReference section */

/* Begin XCSwiftPackageProductDependency section */
		5381F7532EF9466E0062078C /* FirebaseAI */ = {
			isa = XCSwiftPackageProductDependency;
			package = 5381F7522EF9466E0062078C /* XCRemoteSwiftPackageReference "firebase-ios-sdk" */;
			productName = FirebaseAI;
		};
		5381F7552EF9466E0062078C /* FirebaseAILogic */ = {
			isa = XCSwiftPackageProductDependency;
			package = 5381F7522EF9466E0062078C /* XCRemoteSwiftPackageReference "firebase-ios-sdk" */;
			productName = FirebaseAILogic;
		};
		5381F7572EF9466E0062078C /* FirebaseAnalytics */ = {
			isa = XCSwiftPackageProductDependency;
			package = 5381F7522EF9466E0062078C /* XCRemoteSwiftPackageReference "firebase-ios-sdk" */;
			productName = FirebaseAnalytics;
		};
		5381F7592EF9466E0062078C /* FirebaseAnalyticsCore */ = {
			isa = XCSwiftPackageProductDependency;
			package = 5381F7522EF9466E0062078C /* XCRemoteSwiftPackageReference "firebase-ios-sdk" */;
			productName = FirebaseAnalyticsCore;
		};
		5381F75B2EF9466E0062078C /* FirebaseAnalyticsIdentitySupport */ = {
			isa = XCSwiftPackageProductDependency;
			package = 5381F7522EF9466E0062078C /* XCRemoteSwiftPackageReference "firebase-ios-sdk" */;
			productName = FirebaseAnalyticsIdentitySupport;
		};
		5381F75E2EF946DC0062078C /* FirebaseAuth */ = {
			isa = XCSwiftPackageProductDependency;
			package = 5381F7522EF9466E0062078C /* XCRemoteSwiftPackageReference "firebase-ios-sdk" */;
			productName = FirebaseAuth;
		};
		5381F7602EF946E50062078C /* FirebaseCore */ = {
			isa = XCSwiftPackageProductDependency;
			package = 5381F7522EF9466E0062078C /* XCRemoteSwiftPackageReference "firebase-ios-sdk" */;
			productName = FirebaseCore;
		};
		5381F7622EF946EA0062078C /* FirebaseFirestore */ = {
			isa = XCSwiftPackageProductDependency;
			package = 5381F7522EF9466E0062078C /* XCRemoteSwiftPackageReference "firebase-ios-sdk" */;
			productName = FirebaseFirestore;
		};
		5381F7642EF946F60062078C /* FirebaseMessaging */ = {
			isa = XCSwiftPackageProductDependency;
			package = 5381F7522EF9466E0062078C /* XCRemoteSwiftPackageReference "firebase-ios-sdk" */;
			productName = FirebaseMessaging;
		};
/* End XCSwiftPackageProductDependency section */
	};
	rootObject = 5381F7062EF93FCE0062078C /* Project object */;
}
